
Microsoft Visual Studio Solution File, Format Version 12.00
# Visual Studio Version 17
VisualStudioVersion = 17.7.34202.233
MinimumVisualStudioVersion = 10.0.40219.1
Project("{2150E333-8FDC-42A3-9474-1A3956D46DE8}") = "01 - Windows Forms", "01 - Windows Forms", "{645919E9-F1B6-4AC2-B6F5-AD4B5686A20C}"
EndProject
Project("{FAE04EC0-301F-11D3-BF4B-00C04F79EFBC}") = "Academia.DotNet.AmigoSecreto.App", "src\Academia.DotNet.AmigoSecreto.App\Academia.DotNet.AmigoSecreto.App.csproj", "{22DF745E-1DF9-4B0E-B57B-39B64C52073D}"
EndProject
Global
	GlobalSection(SolutionConfigurationPlatforms) = preSolution
		Debug|Any CPU = Debug|Any CPU
		Release|Any CPU = Release|Any CPU
	EndGlobalSection
	GlobalSection(ProjectConfigurationPlatforms) = postSolution
		{22DF745E-1DF9-4B0E-B57B-39B64C52073D}.Debug|Any CPU.ActiveCfg = Debug|Any CPU
		{22DF745E-1DF9-4B0E-B57B-39B64C52073D}.Debug|Any CPU.Build.0 = Debug|Any CPU
		{22DF745E-1DF9-4B0E-B57B-39B64C52073D}.Release|Any CPU.ActiveCfg = Release|Any CPU
		{22DF745E-1DF9-4B0E-B57B-39B64C52073D}.Release|Any CPU.Build.0 = Release|Any CPU
	EndGlobalSection
	GlobalSection(SolutionProperties) = preSolution
		HideSolutionNode = FALSE
	EndGlobalSection
	GlobalSection(NestedProjects) = preSolution
		{22DF745E-1DF9-4B0E-B57B-39B64C52073D} = {645919E9-F1B6-4AC2-B6F5-AD4B5686A20C}
	EndGlobalSection
	GlobalSection(ExtensibilityGlobals) = postSolution
		SolutionGuid = {E82CC65C-46F8-4EDA-8EEC-96ED9DDBEC1A}
	EndGlobalSection
EndGlobal
